
Microsoft Visual Studio Solution File, Format Version 12.00
# Visual Studio Version 16
VisualStudioVersion = 16.0.29926.136
MinimumVisualStudioVersion = 10.0.40219.1
Project("{8BC9CEB8-8B4A-11D0-8D11-00A0C91BC942}") = "HW3", "HW3\HW3.vcxproj", "{09E464FD-3CD7-4FBF-B601-77A78F49033B}"
EndProject
Global
	GlobalSection(SolutionConfigurationPlatforms) = preSolution
		Debug|x64 = Debug|x64
		Debug|x86 = Debug|x86
		Release|x64 = Release|x64
		Release|x86 = Release|x86
	EndGlobalSection
	GlobalSection(ProjectConfigurationPlatforms) = postSolution
		{09E464FD-3CD7-4FBF-B601-77A78F49033B}.Debug|x64.ActiveCfg = Debug|x64
		{09E464FD-3CD7-4FBF-B601-77A78F49033B}.Debug|x64.Build.0 = Debug|x64
		{09E464FD-3CD7-4FBF-B601-77A78F49033B}.Debug|x86.ActiveCfg = Debug|Win32
		{09E464FD-3CD7-4FBF-B601-77A78F49033B}.Debug|x86.Build.0 = Debug|Win32
		{09E464FD-3CD7-4FBF-B601-77A78F49033B}.Release|x64.ActiveCfg = Release|x64
		{09E464FD-3CD7-4FBF-B601-77A78F49033B}.Release|x64.Build.0 = Release|x64
		{09E464FD-3CD7-4FBF-B601-77A78F49033B}.Release|x86.ActiveCfg = Release|Win32
		{09E464FD-3CD7-4FBF-B601-77A78F49033B}.Release|x86.Build.0 = Release|Win32
	EndGlobalSection
	GlobalSection(SolutionProperties) = preSolution
		HideSolutionNode = FALSE
	EndGlobalSection
	GlobalSection(ExtensibilityGlobals) = postSolution
		SolutionGuid = {3ADEAA5A-4E71-4D44-82D9-B6D591DA9AD5}
	EndGlobalSection
EndGlobal
